
Microsoft Visual Studio Solution File, Format Version 12.00
# Visual Studio Version 16
VisualStudioVersion = 16.0.29709.97
MinimumVisualStudioVersion = 10.0.40219.1
Project("{FAE04EC0-301F-11D3-BF4B-00C04F79EFBC}") = "Iteration_Statements", "Iteration_Statements.csproj", "{5A059E2C-A0E1-44F0-B937-11BA4774BCE5}"
EndProject
Global
	GlobalSection(SolutionConfigurationPlatforms) = preSolution
		Debug|Any CPU = Debug|Any CPU
		Release|Any CPU = Release|Any CPU
	EndGlobalSection
	GlobalSection(ProjectConfigurationPlatforms) = postSolution
		{5A059E2C-A0E1-44F0-B937-11BA4774BCE5}.Debug|Any CPU.ActiveCfg = Debug|Any CPU
		{5A059E2C-A0E1-44F0-B937-11BA4774BCE5}.Debug|Any CPU.Build.0 = Debug|Any CPU
		{5A059E2C-A0E1-44F0-B937-11BA4774BCE5}.Release|Any CPU.ActiveCfg = Release|Any CPU
		{5A059E2C-A0E1-44F0-B937-11BA4774BCE5}.Release|Any CPU.Build.0 = Release|Any CPU
	EndGlobalSection
	GlobalSection(SolutionProperties) = preSolution
		HideSolutionNode = FALSE
	EndGlobalSection
	GlobalSection(ExtensibilityGlobals) = postSolution
		SolutionGuid = {979116E7-687F-445D-8882-1F132E932BFB}
	EndGlobalSection
EndGlobal
